
Microsoft Visual Studio Solution File, Format Version 12.00
# Visual Studio Version 16
VisualStudioVersion = 16.0.31624.102
MinimumVisualStudioVersion = 10.0.40219.1
Project("{FAE04EC0-301F-11D3-BF4B-00C04F79EFBC}") = "Bank", "Bank.csproj", "{2C44A8BA-02A9-47D8-85EB-A342092CB5E5}"
EndProject
Global
	GlobalSection(SolutionConfigurationPlatforms) = preSolution
		Debug|Any CPU = Debug|Any CPU
		Release|Any CPU = Release|Any CPU
	EndGlobalSection
	GlobalSection(ProjectConfigurationPlatforms) = postSolution
		{2C44A8BA-02A9-47D8-85EB-A342092CB5E5}.Debug|Any CPU.ActiveCfg = Debug|Any CPU
		{2C44A8BA-02A9-47D8-85EB-A342092CB5E5}.Debug|Any CPU.Build.0 = Debug|Any CPU
		{2C44A8BA-02A9-47D8-85EB-A342092CB5E5}.Release|Any CPU.ActiveCfg = Release|Any CPU
		{2C44A8BA-02A9-47D8-85EB-A342092CB5E5}.Release|Any CPU.Build.0 = Release|Any CPU
	EndGlobalSection
	GlobalSection(SolutionProperties) = preSolution
		HideSolutionNode = FALSE
	EndGlobalSection
	GlobalSection(ExtensibilityGlobals) = postSolution
		SolutionGuid = {8D878C22-FEB9-4934-958A-78E4EF1B5902}
	EndGlobalSection
EndGlobal
